{
  "name": "plot-utils",
  "version": "0.0.0",
  "lockfileVersion": 1,
  "requires": true,
  "dependencies": {
    "bisect": {
      "version": "github:zhoulytwinyu/bisect-js#2cf74af2d308d9bb6417aeef0fac5e67a31bd1e9",
      "from": "github:zhoulytwinyu/bisect-js"
    },
    "date-fns": {
      "version": "1.30.1",
      "resolved": "https://registry.npmjs.org/date-fns/-/date-fns-1.30.1.tgz",
      "integrity": "sha512-hBSVCvSmWC+QypYObzwGOd9wqdDpOt+0wl0KbU+R+uuZBS1jN8VsD1ss3irQDknRj5NvxiTF6oj/nDRnN/UQNw=="
    }
  }
}
